
Microsoft Visual Studio Solution File, Format Version 12.00
Project("{FAE04EC0-301F-11D3-BF4B-00C04F79EFBC}") = "Extensions.Identifier", "src\Extensions.Identifier.csproj", "{CEF55A95-130B-4376-B32C-D775D05EC92D}"
EndProject
Global
	GlobalSection(SolutionConfigurationPlatforms) = preSolution
		Debug|Any CPU = Debug|Any CPU
		Release|Any CPU = Release|Any CPU
	EndGlobalSection
	GlobalSection(ProjectConfigurationPlatforms) = postSolution
		{CEF55A95-130B-4376-B32C-D775D05EC92D}.Debug|Any CPU.ActiveCfg = Debug|Any CPU
		{CEF55A95-130B-4376-B32C-D775D05EC92D}.Debug|Any CPU.Build.0 = Debug|Any CPU
		{CEF55A95-130B-4376-B32C-D775D05EC92D}.Release|Any CPU.ActiveCfg = Release|Any CPU
		{CEF55A95-130B-4376-B32C-D775D05EC92D}.Release|Any CPU.Build.0 = Release|Any CPU
	EndGlobalSection
EndGlobal
